
Microsoft Visual Studio Solution File, Format Version 12.00
# Visual Studio Version 17
VisualStudioVersion = 17.12.35514.174
MinimumVisualStudioVersion = 10.0.40219.1
Project("{FAE04EC0-301F-11D3-BF4B-00C04F79EFBC}") = "Baitapcuanghia.Module", "Baitapcuanghia.Module\Baitapcuanghia.Module.csproj", "{DE790614-B7D6-4F70-AE91-4AD95914585F}"
EndProject
Project("{FAE04EC0-301F-11D3-BF4B-00C04F79EFBC}") = "Baitapcuanghia.Blazor.Server", "Baitapcuanghia.Blazor.Server\Baitapcuanghia.Blazor.Server.csproj", "{90F17646-76C3-48CE-BD4F-9C0523F089A9}"
EndProject
Global
	GlobalSection(SolutionConfigurationPlatforms) = preSolution
		Debug|Any CPU = Debug|Any CPU
		EasyTest|Any CPU = EasyTest|Any CPU
		Release|Any CPU = Release|Any CPU
	EndGlobalSection
	GlobalSection(ProjectConfigurationPlatforms) = postSolution
		{DE790614-B7D6-4F70-AE91-4AD95914585F}.Debug|Any CPU.ActiveCfg = Debug|Any CPU
		{DE790614-B7D6-4F70-AE91-4AD95914585F}.Debug|Any CPU.Build.0 = Debug|Any CPU
		{DE790614-B7D6-4F70-AE91-4AD95914585F}.EasyTest|Any CPU.ActiveCfg = EasyTest|Any CPU
		{DE790614-B7D6-4F70-AE91-4AD95914585F}.EasyTest|Any CPU.Build.0 = EasyTest|Any CPU
		{DE790614-B7D6-4F70-AE91-4AD95914585F}.Release|Any CPU.ActiveCfg = Release|Any CPU
		{DE790614-B7D6-4F70-AE91-4AD95914585F}.Release|Any CPU.Build.0 = Release|Any CPU
		{90F17646-76C3-48CE-BD4F-9C0523F089A9}.Debug|Any CPU.ActiveCfg = Debug|Any CPU
		{90F17646-76C3-48CE-BD4F-9C0523F089A9}.Debug|Any CPU.Build.0 = Debug|Any CPU
		{90F17646-76C3-48CE-BD4F-9C0523F089A9}.EasyTest|Any CPU.ActiveCfg = EasyTest|Any CPU
		{90F17646-76C3-48CE-BD4F-9C0523F089A9}.EasyTest|Any CPU.Build.0 = EasyTest|Any CPU
		{90F17646-76C3-48CE-BD4F-9C0523F089A9}.Release|Any CPU.ActiveCfg = Release|Any CPU
		{90F17646-76C3-48CE-BD4F-9C0523F089A9}.Release|Any CPU.Build.0 = Release|Any CPU
	EndGlobalSection
	GlobalSection(SolutionProperties) = preSolution
		HideSolutionNode = FALSE
	EndGlobalSection
EndGlobal
